
Microsoft Visual Studio Solution File, Format Version 12.00
# Visual Studio Version 16
VisualStudioVersion = 16.0.30413.136
MinimumVisualStudioVersion = 10.0.40219.1
Project("{9A19103F-16F7-4668-BE54-9A1E7A4F7556}") = "calculator2", "calculator\calculator2.csproj", "{84B19923-C8C1-439B-8580-FC09C0189F0D}"
EndProject
Global
	GlobalSection(SolutionConfigurationPlatforms) = preSolution
		Debug|Any CPU = Debug|Any CPU
		Release|Any CPU = Release|Any CPU
	EndGlobalSection
	GlobalSection(ProjectConfigurationPlatforms) = postSolution
		{84B19923-C8C1-439B-8580-FC09C0189F0D}.Debug|Any CPU.ActiveCfg = Debug|Any CPU
		{84B19923-C8C1-439B-8580-FC09C0189F0D}.Debug|Any CPU.Build.0 = Debug|Any CPU
		{84B19923-C8C1-439B-8580-FC09C0189F0D}.Release|Any CPU.ActiveCfg = Release|Any CPU
		{84B19923-C8C1-439B-8580-FC09C0189F0D}.Release|Any CPU.Build.0 = Release|Any CPU
	EndGlobalSection
	GlobalSection(SolutionProperties) = preSolution
		HideSolutionNode = FALSE
	EndGlobalSection
	GlobalSection(ExtensibilityGlobals) = postSolution
		SolutionGuid = {B70F5FC8-55BF-4380-8DCB-97B93AD1731D}
	EndGlobalSection
EndGlobal
